
Microsoft Visual Studio Solution File, Format Version 12.00
# Visual Studio Version 17
VisualStudioVersion = 17.1.32228.430
MinimumVisualStudioVersion = 10.0.40219.1
Project("{9A19103F-16F7-4668-BE54-9A1E7A4F7556}") = "PBVGD1_HFT_2021222.Client", "PBVGD1_HFT_2021222.Client\PBVGD1_HFT_2021222.Client.csproj", "{51048930-70BB-4317-8105-50C1691723B1}"
EndProject
Project("{9A19103F-16F7-4668-BE54-9A1E7A4F7556}") = "PBVGD1_HFT_2021222.Models", "PBVGD1_HFT_2021222.Models\PBVGD1_HFT_2021222.Models.csproj", "{5F3336F9-B08C-4B7F-AF67-399DC9CFC54A}"
EndProject
Project("{9A19103F-16F7-4668-BE54-9A1E7A4F7556}") = "PBVGD1_HFT_2021222.Logic", "PBVGD1_HFT_2021222.Logic\PBVGD1_HFT_2021222.Logic.csproj", "{6CC6972A-B44F-4752-8B21-718D47CD5803}"
EndProject
Project("{9A19103F-16F7-4668-BE54-9A1E7A4F7556}") = "PBVGD1_HFT_2021222.Repository", "PBVGD1_HFT_2021222.Repository\PBVGD1_HFT_2021222.Repository.csproj", "{E2282F0E-7CEB-4681-8ECC-FE06B0CE5B46}"
EndProject
Project("{9A19103F-16F7-4668-BE54-9A1E7A4F7556}") = "PBVGD1_HFT_2021222.Endpoint", "PBVGD1_HFT_2021222.Endpoint\PBVGD1_HFT_2021222.Endpoint.csproj", "{C4BBD5A7-01D3-4220-8F92-842DE6EC71A6}"
EndProject
Project("{9A19103F-16F7-4668-BE54-9A1E7A4F7556}") = "PBVGD1_HFT_2021222.Test", "PBVGD1_HFT_2021222.Test\PBVGD1_HFT_2021222.Test.csproj", "{CEF82E39-6B95-4FEE-B505-D379991ADB69}"
EndProject
Project("{2150E333-8FDC-42A3-9474-1A3956D46DE8}") = "Backend", "Backend", "{914EAD49-9ECB-4D67-BDD8-12CC88E3CE3F}"
EndProject
Project("{2150E333-8FDC-42A3-9474-1A3956D46DE8}") = "Frontend", "Frontend", "{7437911E-2E1D-46F7-B42A-C18756D5A4BB}"
EndProject
Project("{2150E333-8FDC-42A3-9474-1A3956D46DE8}") = "Shared", "Shared", "{1E5954B7-56CD-4210-AA8E-CF76EE5B3CBA}"
EndProject
Project("{2150E333-8FDC-42A3-9474-1A3956D46DE8}") = "Others", "Others", "{CB4B908B-8C42-4B2D-9F6E-1264C0A97E24}"
EndProject
Global
	GlobalSection(SolutionConfigurationPlatforms) = preSolution
		Debug|Any CPU = Debug|Any CPU
		Release|Any CPU = Release|Any CPU
	EndGlobalSection
	GlobalSection(ProjectConfigurationPlatforms) = postSolution
		{51048930-70BB-4317-8105-50C1691723B1}.Debug|Any CPU.ActiveCfg = Debug|Any CPU
		{51048930-70BB-4317-8105-50C1691723B1}.Debug|Any CPU.Build.0 = Debug|Any CPU
		{51048930-70BB-4317-8105-50C1691723B1}.Release|Any CPU.ActiveCfg = Release|Any CPU
		{51048930-70BB-4317-8105-50C1691723B1}.Release|Any CPU.Build.0 = Release|Any CPU
		{5F3336F9-B08C-4B7F-AF67-399DC9CFC54A}.Debug|Any CPU.ActiveCfg = Debug|Any CPU
		{5F3336F9-B08C-4B7F-AF67-399DC9CFC54A}.Debug|Any CPU.Build.0 = Debug|Any CPU
		{5F3336F9-B08C-4B7F-AF67-399DC9CFC54A}.Release|Any CPU.ActiveCfg = Release|Any CPU
		{5F3336F9-B08C-4B7F-AF67-399DC9CFC54A}.Release|Any CPU.Build.0 = Release|Any CPU
		{6CC6972A-B44F-4752-8B21-718D47CD5803}.Debug|Any CPU.ActiveCfg = Debug|Any CPU
		{6CC6972A-B44F-4752-8B21-718D47CD5803}.Debug|Any CPU.Build.0 = Debug|Any CPU
		{6CC6972A-B44F-4752-8B21-718D47CD5803}.Release|Any CPU.ActiveCfg = Release|Any CPU
		{6CC6972A-B44F-4752-8B21-718D47CD5803}.Release|Any CPU.Build.0 = Release|Any CPU
		{E2282F0E-7CEB-4681-8ECC-FE06B0CE5B46}.Debug|Any CPU.ActiveCfg = Debug|Any CPU
		{E2282F0E-7CEB-4681-8ECC-FE06B0CE5B46}.Debug|Any CPU.Build.0 = Debug|Any CPU
		{E2282F0E-7CEB-4681-8ECC-FE06B0CE5B46}.Release|Any CPU.ActiveCfg = Release|Any CPU
		{E2282F0E-7CEB-4681-8ECC-FE06B0CE5B46}.Release|Any CPU.Build.0 = Release|Any CPU
		{C4BBD5A7-01D3-4220-8F92-842DE6EC71A6}.Debug|Any CPU.ActiveCfg = Debug|Any CPU
		{C4BBD5A7-01D3-4220-8F92-842DE6EC71A6}.Debug|Any CPU.Build.0 = Debug|Any CPU
		{C4BBD5A7-01D3-4220-8F92-842DE6EC71A6}.Release|Any CPU.ActiveCfg = Release|Any CPU
		{C4BBD5A7-01D3-4220-8F92-842DE6EC71A6}.Release|Any CPU.Build.0 = Release|Any CPU
		{CEF82E39-6B95-4FEE-B505-D379991ADB69}.Debug|Any CPU.ActiveCfg = Debug|Any CPU
		{CEF82E39-6B95-4FEE-B505-D379991ADB69}.Debug|Any CPU.Build.0 = Debug|Any CPU
		{CEF82E39-6B95-4FEE-B505-D379991ADB69}.Release|Any CPU.ActiveCfg = Release|Any CPU
		{CEF82E39-6B95-4FEE-B505-D379991ADB69}.Release|Any CPU.Build.0 = Release|Any CPU
	EndGlobalSection
	GlobalSection(SolutionProperties) = preSolution
		HideSolutionNode = FALSE
	EndGlobalSection
	GlobalSection(NestedProjects) = preSolution
		{51048930-70BB-4317-8105-50C1691723B1} = {7437911E-2E1D-46F7-B42A-C18756D5A4BB}
		{5F3336F9-B08C-4B7F-AF67-399DC9CFC54A} = {1E5954B7-56CD-4210-AA8E-CF76EE5B3CBA}
		{6CC6972A-B44F-4752-8B21-718D47CD5803} = {914EAD49-9ECB-4D67-BDD8-12CC88E3CE3F}
		{E2282F0E-7CEB-4681-8ECC-FE06B0CE5B46} = {914EAD49-9ECB-4D67-BDD8-12CC88E3CE3F}
		{C4BBD5A7-01D3-4220-8F92-842DE6EC71A6} = {914EAD49-9ECB-4D67-BDD8-12CC88E3CE3F}
		{CEF82E39-6B95-4FEE-B505-D379991ADB69} = {914EAD49-9ECB-4D67-BDD8-12CC88E3CE3F}
	EndGlobalSection
	GlobalSection(ExtensibilityGlobals) = postSolution
		SolutionGuid = {DBA32F79-8DDA-447B-8AFB-6B139498351F}
	EndGlobalSection
EndGlobal
